
Microsoft Visual Studio Solution File, Format Version 12.00
# Visual Studio 14
VisualStudioVersion = 14.0.25123.0
MinimumVisualStudioVersion = 10.0.40219.1
Project("{FAE04EC0-301F-11D3-BF4B-00C04F79EFBC}") = "PostApp.Core", "PostApp.Core\PostApp.Core.csproj", "{7A40665E-744F-418C-A90A-841FB726DF78}"
EndProject
Project("{FAE04EC0-301F-11D3-BF4B-00C04F79EFBC}") = "PostApp.Data", "PostApp.Data\PostApp.Data.csproj", "{077211FE-CC44-4D95-84EB-ADFCF8921A93}"
EndProject
Project("{FAE04EC0-301F-11D3-BF4B-00C04F79EFBC}") = "PostApp.DTO", "PostApp.DTO\PostApp.DTO.csproj", "{E7333D9E-3D33-484B-A2C0-22D19EDFCB10}"
EndProject
Project("{FAE04EC0-301F-11D3-BF4B-00C04F79EFBC}") = "PostApp.IoC", "PostApp.IoC\PostApp.IoC.csproj", "{43E47346-4BF4-412D-9B8C-EB00E988A6A9}"
EndProject
Project("{FAE04EC0-301F-11D3-BF4B-00C04F79EFBC}") = "PostApp.Services", "PostApp.Services\PostApp.Services.csproj", "{0B9C8022-4EEF-4AA3-91F1-709FCF7BA905}"
EndProject
Project("{FAE04EC0-301F-11D3-BF4B-00C04F79EFBC}") = "PostApp.Utilities", "PostApp.Utilities\PostApp.Utilities.csproj", "{B5A5F132-49BA-445F-8E66-A2E4F4CF7CE6}"
EndProject
Global
	GlobalSection(SolutionConfigurationPlatforms) = preSolution
		Debug|Any CPU = Debug|Any CPU
		Release|Any CPU = Release|Any CPU
	EndGlobalSection
	GlobalSection(ProjectConfigurationPlatforms) = postSolution
		{7A40665E-744F-418C-A90A-841FB726DF78}.Debug|Any CPU.ActiveCfg = Debug|Any CPU
		{7A40665E-744F-418C-A90A-841FB726DF78}.Debug|Any CPU.Build.0 = Debug|Any CPU
		{7A40665E-744F-418C-A90A-841FB726DF78}.Release|Any CPU.ActiveCfg = Release|Any CPU
		{7A40665E-744F-418C-A90A-841FB726DF78}.Release|Any CPU.Build.0 = Release|Any CPU
		{077211FE-CC44-4D95-84EB-ADFCF8921A93}.Debug|Any CPU.ActiveCfg = Debug|Any CPU
		{077211FE-CC44-4D95-84EB-ADFCF8921A93}.Debug|Any CPU.Build.0 = Debug|Any CPU
		{077211FE-CC44-4D95-84EB-ADFCF8921A93}.Release|Any CPU.ActiveCfg = Release|Any CPU
		{077211FE-CC44-4D95-84EB-ADFCF8921A93}.Release|Any CPU.Build.0 = Release|Any CPU
		{E7333D9E-3D33-484B-A2C0-22D19EDFCB10}.Debug|Any CPU.ActiveCfg = Debug|Any CPU
		{E7333D9E-3D33-484B-A2C0-22D19EDFCB10}.Debug|Any CPU.Build.0 = Debug|Any CPU
		{E7333D9E-3D33-484B-A2C0-22D19EDFCB10}.Release|Any CPU.ActiveCfg = Release|Any CPU
		{E7333D9E-3D33-484B-A2C0-22D19EDFCB10}.Release|Any CPU.Build.0 = Release|Any CPU
		{43E47346-4BF4-412D-9B8C-EB00E988A6A9}.Debug|Any CPU.ActiveCfg = Debug|Any CPU
		{43E47346-4BF4-412D-9B8C-EB00E988A6A9}.Debug|Any CPU.Build.0 = Debug|Any CPU
		{43E47346-4BF4-412D-9B8C-EB00E988A6A9}.Release|Any CPU.ActiveCfg = Release|Any CPU
		{43E47346-4BF4-412D-9B8C-EB00E988A6A9}.Release|Any CPU.Build.0 = Release|Any CPU
		{0B9C8022-4EEF-4AA3-91F1-709FCF7BA905}.Debug|Any CPU.ActiveCfg = Debug|Any CPU
		{0B9C8022-4EEF-4AA3-91F1-709FCF7BA905}.Debug|Any CPU.Build.0 = Debug|Any CPU
		{0B9C8022-4EEF-4AA3-91F1-709FCF7BA905}.Release|Any CPU.ActiveCfg = Release|Any CPU
		{0B9C8022-4EEF-4AA3-91F1-709FCF7BA905}.Release|Any CPU.Build.0 = Release|Any CPU
		{B5A5F132-49BA-445F-8E66-A2E4F4CF7CE6}.Debug|Any CPU.ActiveCfg = Debug|Any CPU
		{B5A5F132-49BA-445F-8E66-A2E4F4CF7CE6}.Debug|Any CPU.Build.0 = Debug|Any CPU
		{B5A5F132-49BA-445F-8E66-A2E4F4CF7CE6}.Release|Any CPU.ActiveCfg = Release|Any CPU
		{B5A5F132-49BA-445F-8E66-A2E4F4CF7CE6}.Release|Any CPU.Build.0 = Release|Any CPU
	EndGlobalSection
	GlobalSection(SolutionProperties) = preSolution
		HideSolutionNode = FALSE
	EndGlobalSection
EndGlobal
